
Microsoft Visual Studio Solution File, Format Version 12.00
# Visual Studio 15
VisualStudioVersion = 15.0.27004.2002
MinimumVisualStudioVersion = 10.0.40219.1
Project("{FAE04EC0-301F-11D3-BF4B-00C04F79EFBC}") = "Practica7.Android", "Practica7\Practica7.Android\Practica7.Android.csproj", "{E5A0F4AB-85CD-44F1-8A0B-8E6E52C9CEDB}"
EndProject
Project("{FAE04EC0-301F-11D3-BF4B-00C04F79EFBC}") = "Practica7", "Practica7\Practica7\Practica7.csproj", "{C4A74B84-8D6C-49F8-8273-1323D007FA37}"
EndProject
Project("{FAE04EC0-301F-11D3-BF4B-00C04F79EFBC}") = "Practica7.UWP", "Practica7\Practica7.UWP\Practica7.UWP.csproj", "{96947EFE-3E1E-46AB-B485-77621B207C20}"
EndProject
Project("{FAE04EC0-301F-11D3-BF4B-00C04F79EFBC}") = "Practica7.iOS", "Practica7\Practica7.iOS\Practica7.iOS.csproj", "{93AEF97D-D7C8-4086-A431-0F8F661FBD96}"
EndProject
Global
	GlobalSection(SolutionConfigurationPlatforms) = preSolution
		Ad-Hoc|Any CPU = Ad-Hoc|Any CPU
		Ad-Hoc|ARM = Ad-Hoc|ARM
		Ad-Hoc|iPhone = Ad-Hoc|iPhone
		Ad-Hoc|iPhoneSimulator = Ad-Hoc|iPhoneSimulator
		Ad-Hoc|x64 = Ad-Hoc|x64
		Ad-Hoc|x86 = Ad-Hoc|x86
		AppStore|Any CPU = AppStore|Any CPU
		AppStore|ARM = AppStore|ARM
		AppStore|iPhone = AppStore|iPhone
		AppStore|iPhoneSimulator = AppStore|iPhoneSimulator
		AppStore|x64 = AppStore|x64
		AppStore|x86 = AppStore|x86
		Debug|Any CPU = Debug|Any CPU
		Debug|ARM = Debug|ARM
		Debug|iPhone = Debug|iPhone
		Debug|iPhoneSimulator = Debug|iPhoneSimulator
		Debug|x64 = Debug|x64
		Debug|x86 = Debug|x86
		Release|Any CPU = Release|Any CPU
		Release|ARM = Release|ARM
		Release|iPhone = Release|iPhone
		Release|iPhoneSimulator = Release|iPhoneSimulator
		Release|x64 = Release|x64
		Release|x86 = Release|x86
	EndGlobalSection
	GlobalSection(ProjectConfigurationPlatforms) = postSolution
		{E5A0F4AB-85CD-44F1-8A0B-8E6E52C9CEDB}.Ad-Hoc|Any CPU.ActiveCfg = Release|Any CPU
		{E5A0F4AB-85CD-44F1-8A0B-8E6E52C9CEDB}.Ad-Hoc|Any CPU.Build.0 = Release|Any CPU
		{E5A0F4AB-85CD-44F1-8A0B-8E6E52C9CEDB}.Ad-Hoc|Any CPU.Deploy.0 = Release|Any CPU
		{E5A0F4AB-85CD-44F1-8A0B-8E6E52C9CEDB}.Ad-Hoc|ARM.ActiveCfg = Release|Any CPU
		{E5A0F4AB-85CD-44F1-8A0B-8E6E52C9CEDB}.Ad-Hoc|ARM.Build.0 = Release|Any CPU
		{E5A0F4AB-85CD-44F1-8A0B-8E6E52C9CEDB}.Ad-Hoc|ARM.Deploy.0 = Release|Any CPU
		{E5A0F4AB-85CD-44F1-8A0B-8E6E52C9CEDB}.Ad-Hoc|iPhone.ActiveCfg = Release|Any CPU
		{E5A0F4AB-85CD-44F1-8A0B-8E6E52C9CEDB}.Ad-Hoc|iPhone.Build.0 = Release|Any CPU
		{E5A0F4AB-85CD-44F1-8A0B-8E6E52C9CEDB}.Ad-Hoc|iPhone.Deploy.0 = Release|Any CPU
		{E5A0F4AB-85CD-44F1-8A0B-8E6E52C9CEDB}.Ad-Hoc|iPhoneSimulator.ActiveCfg = Release|Any CPU
		{E5A0F4AB-85CD-44F1-8A0B-8E6E52C9CEDB}.Ad-Hoc|iPhoneSimulator.Build.0 = Release|Any CPU
		{E5A0F4AB-85CD-44F1-8A0B-8E6E52C9CEDB}.Ad-Hoc|iPhoneSimulator.Deploy.0 = Release|Any CPU
		{E5A0F4AB-85CD-44F1-8A0B-8E6E52C9CEDB}.Ad-Hoc|x64.ActiveCfg = Release|Any CPU
		{E5A0F4AB-85CD-44F1-8A0B-8E6E52C9CEDB}.Ad-Hoc|x64.Build.0 = Release|Any CPU
		{E5A0F4AB-85CD-44F1-8A0B-8E6E52C9CEDB}.Ad-Hoc|x64.Deploy.0 = Release|Any CPU
		{E5A0F4AB-85CD-44F1-8A0B-8E6E52C9CEDB}.Ad-Hoc|x86.ActiveCfg = Release|Any CPU
		{E5A0F4AB-85CD-44F1-8A0B-8E6E52C9CEDB}.Ad-Hoc|x86.Build.0 = Release|Any CPU
		{E5A0F4AB-85CD-44F1-8A0B-8E6E52C9CEDB}.Ad-Hoc|x86.Deploy.0 = Release|Any CPU
		{E5A0F4AB-85CD-44F1-8A0B-8E6E52C9CEDB}.AppStore|Any CPU.ActiveCfg = Release|Any CPU
		{E5A0F4AB-85CD-44F1-8A0B-8E6E52C9CEDB}.AppStore|Any CPU.Build.0 = Release|Any CPU
		{E5A0F4AB-85CD-44F1-8A0B-8E6E52C9CEDB}.AppStore|Any CPU.Deploy.0 = Release|Any CPU
		{E5A0F4AB-85CD-44F1-8A0B-8E6E52C9CEDB}.AppStore|ARM.ActiveCfg = Release|Any CPU
		{E5A0F4AB-85CD-44F1-8A0B-8E6E52C9CEDB}.AppStore|ARM.Build.0 = Release|Any CPU
		{E5A0F4AB-85CD-44F1-8A0B-8E6E52C9CEDB}.AppStore|ARM.Deploy.0 = Release|Any CPU
		{E5A0F4AB-85CD-44F1-8A0B-8E6E52C9CEDB}.AppStore|iPhone.ActiveCfg = Release|Any CPU
		{E5A0F4AB-85CD-44F1-8A0B-8E6E52C9CEDB}.AppStore|iPhone.Build.0 = Release|Any CPU
		{E5A0F4AB-85CD-44F1-8A0B-8E6E52C9CEDB}.AppStore|iPhone.Deploy.0 = Release|Any CPU
		{E5A0F4AB-85CD-44F1-8A0B-8E6E52C9CEDB}.AppStore|iPhoneSimulator.ActiveCfg = Release|Any CPU
		{E5A0F4AB-85CD-44F1-8A0B-8E6E52C9CEDB}.AppStore|iPhoneSimulator.Build.0 = Release|Any CPU
		{E5A0F4AB-85CD-44F1-8A0B-8E6E52C9CEDB}.AppStore|iPhoneSimulator.Deploy.0 = Release|Any CPU
		{E5A0F4AB-85CD-44F1-8A0B-8E6E52C9CEDB}.AppStore|x64.ActiveCfg = Release|Any CPU
		{E5A0F4AB-85CD-44F1-8A0B-8E6E52C9CEDB}.AppStore|x64.Build.0 = Release|Any CPU
		{E5A0F4AB-85CD-44F1-8A0B-8E6E52C9CEDB}.AppStore|x64.Deploy.0 = Release|Any CPU
		{E5A0F4AB-85CD-44F1-8A0B-8E6E52C9CEDB}.AppStore|x86.ActiveCfg = Release|Any CPU
		{E5A0F4AB-85CD-44F1-8A0B-8E6E52C9CEDB}.AppStore|x86.Build.0 = Release|Any CPU
		{E5A0F4AB-85CD-44F1-8A0B-8E6E52C9CEDB}.AppStore|x86.Deploy.0 = Release|Any CPU
		{E5A0F4AB-85CD-44F1-8A0B-8E6E52C9CEDB}.Debug|Any CPU.ActiveCfg = Debug|Any CPU
		{E5A0F4AB-85CD-44F1-8A0B-8E6E52C9CEDB}.Debug|Any CPU.Build.0 = Debug|Any CPU
		{E5A0F4AB-85CD-44F1-8A0B-8E6E52C9CEDB}.Debug|Any CPU.Deploy.0 = Debug|Any CPU
		{E5A0F4AB-85CD-44F1-8A0B-8E6E52C9CEDB}.Debug|ARM.ActiveCfg = Debug|Any CPU
		{E5A0F4AB-85CD-44F1-8A0B-8E6E52C9CEDB}.Debug|ARM.Build.0 = Debug|Any CPU
		{E5A0F4AB-85CD-44F1-8A0B-8E6E52C9CEDB}.Debug|ARM.Deploy.0 = Debug|Any CPU
		{E5A0F4AB-85CD-44F1-8A0B-8E6E52C9CEDB}.Debug|iPhone.ActiveCfg = Debug|Any CPU
		{E5A0F4AB-85CD-44F1-8A0B-8E6E52C9CEDB}.Debug|iPhone.Build.0 = Debug|Any CPU
		{E5A0F4AB-85CD-44F1-8A0B-8E6E52C9CEDB}.Debug|iPhone.Deploy.0 = Debug|Any CPU
		{E5A0F4AB-85CD-44F1-8A0B-8E6E52C9CEDB}.Debug|iPhoneSimulator.ActiveCfg = Debug|Any CPU
		{E5A0F4AB-85CD-44F1-8A0B-8E6E52C9CEDB}.Debug|iPhoneSimulator.Build.0 = Debug|Any CPU
		{E5A0F4AB-85CD-44F1-8A0B-8E6E52C9CEDB}.Debug|iPhoneSimulator.Deploy.0 = Debug|Any CPU
		{E5A0F4AB-85CD-44F1-8A0B-8E6E52C9CEDB}.Debug|x64.ActiveCfg = Debug|Any CPU
		{E5A0F4AB-85CD-44F1-8A0B-8E6E52C9CEDB}.Debug|x64.Build.0 = Debug|Any CPU
		{E5A0F4AB-85CD-44F1-8A0B-8E6E52C9CEDB}.Debug|x64.Deploy.0 = Debug|Any CPU
		{E5A0F4AB-85CD-44F1-8A0B-8E6E52C9CEDB}.Debug|x86.ActiveCfg = Debug|Any CPU
		{E5A0F4AB-85CD-44F1-8A0B-8E6E52C9CEDB}.Debug|x86.Build.0 = Debug|Any CPU
		{E5A0F4AB-85CD-44F1-8A0B-8E6E52C9CEDB}.Debug|x86.Deploy.0 = Debug|Any CPU
		{E5A0F4AB-85CD-44F1-8A0B-8E6E52C9CEDB}.Release|Any CPU.ActiveCfg = Release|Any CPU
		{E5A0F4AB-85CD-44F1-8A0B-8E6E52C9CEDB}.Release|Any CPU.Build.0 = Release|Any CPU
		{E5A0F4AB-85CD-44F1-8A0B-8E6E52C9CEDB}.Release|Any CPU.Deploy.0 = Release|Any CPU
		{E5A0F4AB-85CD-44F1-8A0B-8E6E52C9CEDB}.Release|ARM.ActiveCfg = Release|Any CPU
		{E5A0F4AB-85CD-44F1-8A0B-8E6E52C9CEDB}.Release|ARM.Build.0 = Release|Any CPU
		{E5A0F4AB-85CD-44F1-8A0B-8E6E52C9CEDB}.Release|ARM.Deploy.0 = Release|Any CPU
		{E5A0F4AB-85CD-44F1-8A0B-8E6E52C9CEDB}.Release|iPhone.ActiveCfg = Release|Any CPU
		{E5A0F4AB-85CD-44F1-8A0B-8E6E52C9CEDB}.Release|iPhone.Build.0 = Release|Any CPU
		{E5A0F4AB-85CD-44F1-8A0B-8E6E52C9CEDB}.Release|iPhone.Deploy.0 = Release|Any CPU
		{E5A0F4AB-85CD-44F1-8A0B-8E6E52C9CEDB}.Release|iPhoneSimulator.ActiveCfg = Release|Any CPU
		{E5A0F4AB-85CD-44F1-8A0B-8E6E52C9CEDB}.Release|iPhoneSimulator.Build.0 = Release|Any CPU
		{E5A0F4AB-85CD-44F1-8A0B-8E6E52C9CEDB}.Release|iPhoneSimulator.Deploy.0 = Release|Any CPU
		{E5A0F4AB-85CD-44F1-8A0B-8E6E52C9CEDB}.Release|x64.ActiveCfg = Release|Any CPU
		{E5A0F4AB-85CD-44F1-8A0B-8E6E52C9CEDB}.Release|x64.Build.0 = Release|Any CPU
		{E5A0F4AB-85CD-44F1-8A0B-8E6E52C9CEDB}.Release|x64.Deploy.0 = Release|Any CPU
		{E5A0F4AB-85CD-44F1-8A0B-8E6E52C9CEDB}.Release|x86.ActiveCfg = Release|Any CPU
		{E5A0F4AB-85CD-44F1-8A0B-8E6E52C9CEDB}.Release|x86.Build.0 = Release|Any CPU
		{E5A0F4AB-85CD-44F1-8A0B-8E6E52C9CEDB}.Release|x86.Deploy.0 = Release|Any CPU
		{C4A74B84-8D6C-49F8-8273-1323D007FA37}.Ad-Hoc|Any CPU.ActiveCfg = Release|Any CPU
		{C4A74B84-8D6C-49F8-8273-1323D007FA37}.Ad-Hoc|Any CPU.Build.0 = Release|Any CPU
		{C4A74B84-8D6C-49F8-8273-1323D007FA37}.Ad-Hoc|ARM.ActiveCfg = Release|Any CPU
		{C4A74B84-8D6C-49F8-8273-1323D007FA37}.Ad-Hoc|ARM.Build.0 = Release|Any CPU
		{C4A74B84-8D6C-49F8-8273-1323D007FA37}.Ad-Hoc|iPhone.ActiveCfg = Release|Any CPU
		{C4A74B84-8D6C-49F8-8273-1323D007FA37}.Ad-Hoc|iPhone.Build.0 = Release|Any CPU
		{C4A74B84-8D6C-49F8-8273-1323D007FA37}.Ad-Hoc|iPhoneSimulator.ActiveCfg = Release|Any CPU
		{C4A74B84-8D6C-49F8-8273-1323D007FA37}.Ad-Hoc|iPhoneSimulator.Build.0 = Release|Any CPU
		{C4A74B84-8D6C-49F8-8273-1323D007FA37}.Ad-Hoc|x64.ActiveCfg = Release|Any CPU
		{C4A74B84-8D6C-49F8-8273-1323D007FA37}.Ad-Hoc|x64.Build.0 = Release|Any CPU
		{C4A74B84-8D6C-49F8-8273-1323D007FA37}.Ad-Hoc|x86.ActiveCfg = Release|Any CPU
		{C4A74B84-8D6C-49F8-8273-1323D007FA37}.Ad-Hoc|x86.Build.0 = Release|Any CPU
		{C4A74B84-8D6C-49F8-8273-1323D007FA37}.AppStore|Any CPU.ActiveCfg = Release|Any CPU
		{C4A74B84-8D6C-49F8-8273-1323D007FA37}.AppStore|Any CPU.Build.0 = Release|Any CPU
		{C4A74B84-8D6C-49F8-8273-1323D007FA37}.AppStore|ARM.ActiveCfg = Release|Any CPU
		{C4A74B84-8D6C-49F8-8273-1323D007FA37}.AppStore|ARM.Build.0 = Release|Any CPU
		{C4A74B84-8D6C-49F8-8273-1323D007FA37}.AppStore|iPhone.ActiveCfg = Release|Any CPU
		{C4A74B84-8D6C-49F8-8273-1323D007FA37}.AppStore|iPhone.Build.0 = Release|Any CPU
		{C4A74B84-8D6C-49F8-8273-1323D007FA37}.AppStore|iPhoneSimulator.ActiveCfg = Release|Any CPU
		{C4A74B84-8D6C-49F8-8273-1323D007FA37}.AppStore|iPhoneSimulator.Build.0 = Release|Any CPU
		{C4A74B84-8D6C-49F8-8273-1323D007FA37}.AppStore|x64.ActiveCfg = Release|Any CPU
		{C4A74B84-8D6C-49F8-8273-1323D007FA37}.AppStore|x64.Build.0 = Release|Any CPU
		{C4A74B84-8D6C-49F8-8273-1323D007FA37}.AppStore|x86.ActiveCfg = Release|Any CPU
		{C4A74B84-8D6C-49F8-8273-1323D007FA37}.AppStore|x86.Build.0 = Release|Any CPU
		{C4A74B84-8D6C-49F8-8273-1323D007FA37}.Debug|Any CPU.ActiveCfg = Debug|Any CPU
		{C4A74B84-8D6C-49F8-8273-1323D007FA37}.Debug|Any CPU.Build.0 = Debug|Any CPU
		{C4A74B84-8D6C-49F8-8273-1323D007FA37}.Debug|ARM.ActiveCfg = Debug|Any CPU
		{C4A74B84-8D6C-49F8-8273-1323D007FA37}.Debug|ARM.Build.0 = Debug|Any CPU
		{C4A74B84-8D6C-49F8-8273-1323D007FA37}.Debug|iPhone.ActiveCfg = Debug|Any CPU
		{C4A74B84-8D6C-49F8-8273-1323D007FA37}.Debug|iPhone.Build.0 = Debug|Any CPU
		{C4A74B84-8D6C-49F8-8273-1323D007FA37}.Debug|iPhoneSimulator.ActiveCfg = Debug|Any CPU
		{C4A74B84-8D6C-49F8-8273-1323D007FA37}.Debug|iPhoneSimulator.Build.0 = Debug|Any CPU
		{C4A74B84-8D6C-49F8-8273-1323D007FA37}.Debug|x64.ActiveCfg = Debug|Any CPU
		{C4A74B84-8D6C-49F8-8273-1323D007FA37}.Debug|x64.Build.0 = Debug|Any CPU
		{C4A74B84-8D6C-49F8-8273-1323D007FA37}.Debug|x86.ActiveCfg = Debug|Any CPU
		{C4A74B84-8D6C-49F8-8273-1323D007FA37}.Debug|x86.Build.0 = Debug|Any CPU
		{C4A74B84-8D6C-49F8-8273-1323D007FA37}.Release|Any CPU.ActiveCfg = Release|Any CPU
		{C4A74B84-8D6C-49F8-8273-1323D007FA37}.Release|Any CPU.Build.0 = Release|Any CPU
		{C4A74B84-8D6C-49F8-8273-1323D007FA37}.Release|ARM.ActiveCfg = Release|Any CPU
		{C4A74B84-8D6C-49F8-8273-1323D007FA37}.Release|ARM.Build.0 = Release|Any CPU
		{C4A74B84-8D6C-49F8-8273-1323D007FA37}.Release|iPhone.ActiveCfg = Release|Any CPU
		{C4A74B84-8D6C-49F8-8273-1323D007FA37}.Release|iPhone.Build.0 = Release|Any CPU
		{C4A74B84-8D6C-49F8-8273-1323D007FA37}.Release|iPhoneSimulator.ActiveCfg = Release|Any CPU
		{C4A74B84-8D6C-49F8-8273-1323D007FA37}.Release|iPhoneSimulator.Build.0 = Release|Any CPU
		{C4A74B84-8D6C-49F8-8273-1323D007FA37}.Release|x64.ActiveCfg = Release|Any CPU
		{C4A74B84-8D6C-49F8-8273-1323D007FA37}.Release|x64.Build.0 = Release|Any CPU
		{C4A74B84-8D6C-49F8-8273-1323D007FA37}.Release|x86.ActiveCfg = Release|Any CPU
		{C4A74B84-8D6C-49F8-8273-1323D007FA37}.Release|x86.Build.0 = Release|Any CPU
		{96947EFE-3E1E-46AB-B485-77621B207C20}.Ad-Hoc|Any CPU.ActiveCfg = Release|x86
		{96947EFE-3E1E-46AB-B485-77621B207C20}.Ad-Hoc|Any CPU.Build.0 = Release|x86
		{96947EFE-3E1E-46AB-B485-77621B207C20}.Ad-Hoc|Any CPU.Deploy.0 = Release|x86
		{96947EFE-3E1E-46AB-B485-77621B207C20}.Ad-Hoc|ARM.ActiveCfg = Release|ARM
		{96947EFE-3E1E-46AB-B485-77621B207C20}.Ad-Hoc|ARM.Build.0 = Release|ARM
		{96947EFE-3E1E-46AB-B485-77621B207C20}.Ad-Hoc|ARM.Deploy.0 = Release|ARM
		{96947EFE-3E1E-46AB-B485-77621B207C20}.Ad-Hoc|iPhone.ActiveCfg = Release|x86
		{96947EFE-3E1E-46AB-B485-77621B207C20}.Ad-Hoc|iPhone.Build.0 = Release|x86
		{96947EFE-3E1E-46AB-B485-77621B207C20}.Ad-Hoc|iPhone.Deploy.0 = Release|x86
		{96947EFE-3E1E-46AB-B485-77621B207C20}.Ad-Hoc|iPhoneSimulator.ActiveCfg = Release|x86
		{96947EFE-3E1E-46AB-B485-77621B207C20}.Ad-Hoc|iPhoneSimulator.Build.0 = Release|x86
		{96947EFE-3E1E-46AB-B485-77621B207C20}.Ad-Hoc|iPhoneSimulator.Deploy.0 = Release|x86
		{96947EFE-3E1E-46AB-B485-77621B207C20}.Ad-Hoc|x64.ActiveCfg = Release|x64
		{96947EFE-3E1E-46AB-B485-77621B207C20}.Ad-Hoc|x64.Build.0 = Release|x64
		{96947EFE-3E1E-46AB-B485-77621B207C20}.Ad-Hoc|x64.Deploy.0 = Release|x64
		{96947EFE-3E1E-46AB-B485-77621B207C20}.Ad-Hoc|x86.ActiveCfg = Release|x86
		{96947EFE-3E1E-46AB-B485-77621B207C20}.Ad-Hoc|x86.Build.0 = Release|x86
		{96947EFE-3E1E-46AB-B485-77621B207C20}.Ad-Hoc|x86.Deploy.0 = Release|x86
		{96947EFE-3E1E-46AB-B485-77621B207C20}.AppStore|Any CPU.ActiveCfg = Release|x86
		{96947EFE-3E1E-46AB-B485-77621B207C20}.AppStore|Any CPU.Build.0 = Release|x86
		{96947EFE-3E1E-46AB-B485-77621B207C20}.AppStore|Any CPU.Deploy.0 = Release|x86
		{96947EFE-3E1E-46AB-B485-77621B207C20}.AppStore|ARM.ActiveCfg = Release|ARM
		{96947EFE-3E1E-46AB-B485-77621B207C20}.AppStore|ARM.Build.0 = Release|ARM
		{96947EFE-3E1E-46AB-B485-77621B207C20}.AppStore|ARM.Deploy.0 = Release|ARM
		{96947EFE-3E1E-46AB-B485-77621B207C20}.AppStore|iPhone.ActiveCfg = Release|x86
		{96947EFE-3E1E-46AB-B485-77621B207C20}.AppStore|iPhone.Build.0 = Release|x86
		{96947EFE-3E1E-46AB-B485-77621B207C20}.AppStore|iPhone.Deploy.0 = Release|x86
		{96947EFE-3E1E-46AB-B485-77621B207C20}.AppStore|iPhoneSimulator.ActiveCfg = Release|x86
		{96947EFE-3E1E-46AB-B485-77621B207C20}.AppStore|iPhoneSimulator.Build.0 = Release|x86
		{96947EFE-3E1E-46AB-B485-77621B207C20}.AppStore|iPhoneSimulator.Deploy.0 = Release|x86
		{96947EFE-3E1E-46AB-B485-77621B207C20}.AppStore|x64.ActiveCfg = Release|x64
		{96947EFE-3E1E-46AB-B485-77621B207C20}.AppStore|x64.Build.0 = Release|x64
		{96947EFE-3E1E-46AB-B485-77621B207C20}.AppStore|x64.Deploy.0 = Release|x64
		{96947EFE-3E1E-46AB-B485-77621B207C20}.AppStore|x86.ActiveCfg = Release|x86
		{96947EFE-3E1E-46AB-B485-77621B207C20}.AppStore|x86.Build.0 = Release|x86
		{96947EFE-3E1E-46AB-B485-77621B207C20}.AppStore|x86.Deploy.0 = Release|x86
		{96947EFE-3E1E-46AB-B485-77621B207C20}.Debug|Any CPU.ActiveCfg = Debug|x86
		{96947EFE-3E1E-46AB-B485-77621B207C20}.Debug|ARM.ActiveCfg = Debug|ARM
		{96947EFE-3E1E-46AB-B485-77621B207C20}.Debug|ARM.Build.0 = Debug|ARM
		{96947EFE-3E1E-46AB-B485-77621B207C20}.Debug|ARM.Deploy.0 = Debug|ARM
		{96947EFE-3E1E-46AB-B485-77621B207C20}.Debug|iPhone.ActiveCfg = Debug|x86
		{96947EFE-3E1E-46AB-B485-77621B207C20}.Debug|iPhoneSimulator.ActiveCfg = Debug|x86
		{96947EFE-3E1E-46AB-B485-77621B207C20}.Debug|x64.ActiveCfg = Debug|x64
		{96947EFE-3E1E-46AB-B485-77621B207C20}.Debug|x64.Build.0 = Debug|x64
		{96947EFE-3E1E-46AB-B485-77621B207C20}.Debug|x64.Deploy.0 = Debug|x64
		{96947EFE-3E1E-46AB-B485-77621B207C20}.Debug|x86.ActiveCfg = Debug|x86
		{96947EFE-3E1E-46AB-B485-77621B207C20}.Debug|x86.Build.0 = Debug|x86
		{96947EFE-3E1E-46AB-B485-77621B207C20}.Debug|x86.Deploy.0 = Debug|x86
		{96947EFE-3E1E-46AB-B485-77621B207C20}.Release|Any CPU.ActiveCfg = Release|x86
		{96947EFE-3E1E-46AB-B485-77621B207C20}.Release|ARM.ActiveCfg = Release|ARM
		{96947EFE-3E1E-46AB-B485-77621B207C20}.Release|ARM.Build.0 = Release|ARM
		{96947EFE-3E1E-46AB-B485-77621B207C20}.Release|ARM.Deploy.0 = Release|ARM
		{96947EFE-3E1E-46AB-B485-77621B207C20}.Release|iPhone.ActiveCfg = Release|x86
		{96947EFE-3E1E-46AB-B485-77621B207C20}.Release|iPhoneSimulator.ActiveCfg = Release|x86
		{96947EFE-3E1E-46AB-B485-77621B207C20}.Release|x64.ActiveCfg = Release|x64
		{96947EFE-3E1E-46AB-B485-77621B207C20}.Release|x64.Build.0 = Release|x64
		{96947EFE-3E1E-46AB-B485-77621B207C20}.Release|x64.Deploy.0 = Release|x64
		{96947EFE-3E1E-46AB-B485-77621B207C20}.Release|x86.ActiveCfg = Release|x86
		{96947EFE-3E1E-46AB-B485-77621B207C20}.Release|x86.Build.0 = Release|x86
		{96947EFE-3E1E-46AB-B485-77621B207C20}.Release|x86.Deploy.0 = Release|x86
		{93AEF97D-D7C8-4086-A431-0F8F661FBD96}.Ad-Hoc|Any CPU.ActiveCfg = Ad-Hoc|iPhoneSimulator
		{93AEF97D-D7C8-4086-A431-0F8F661FBD96}.Ad-Hoc|ARM.ActiveCfg = Ad-Hoc|iPhone
		{93AEF97D-D7C8-4086-A431-0F8F661FBD96}.Ad-Hoc|iPhone.ActiveCfg = Ad-Hoc|iPhone
		{93AEF97D-D7C8-4086-A431-0F8F661FBD96}.Ad-Hoc|iPhone.Build.0 = Ad-Hoc|iPhone
		{93AEF97D-D7C8-4086-A431-0F8F661FBD96}.Ad-Hoc|iPhoneSimulator.ActiveCfg = Ad-Hoc|iPhoneSimulator
		{93AEF97D-D7C8-4086-A431-0F8F661FBD96}.Ad-Hoc|iPhoneSimulator.Build.0 = Ad-Hoc|iPhoneSimulator
		{93AEF97D-D7C8-4086-A431-0F8F661FBD96}.Ad-Hoc|x64.ActiveCfg = Ad-Hoc|iPhone
		{93AEF97D-D7C8-4086-A431-0F8F661FBD96}.Ad-Hoc|x86.ActiveCfg = Ad-Hoc|iPhone
		{93AEF97D-D7C8-4086-A431-0F8F661FBD96}.AppStore|Any CPU.ActiveCfg = AppStore|iPhoneSimulator
		{93AEF97D-D7C8-4086-A431-0F8F661FBD96}.AppStore|ARM.ActiveCfg = AppStore|iPhone
		{93AEF97D-D7C8-4086-A431-0F8F661FBD96}.AppStore|iPhone.ActiveCfg = AppStore|iPhone
		{93AEF97D-D7C8-4086-A431-0F8F661FBD96}.AppStore|iPhone.Build.0 = AppStore|iPhone
		{93AEF97D-D7C8-4086-A431-0F8F661FBD96}.AppStore|iPhoneSimulator.ActiveCfg = AppStore|iPhoneSimulator
		{93AEF97D-D7C8-4086-A431-0F8F661FBD96}.AppStore|iPhoneSimulator.Build.0 = AppStore|iPhoneSimulator
		{93AEF97D-D7C8-4086-A431-0F8F661FBD96}.AppStore|x64.ActiveCfg = AppStore|iPhone
		{93AEF97D-D7C8-4086-A431-0F8F661FBD96}.AppStore|x86.ActiveCfg = AppStore|iPhone
		{93AEF97D-D7C8-4086-A431-0F8F661FBD96}.Debug|Any CPU.ActiveCfg = Debug|iPhoneSimulator
		{93AEF97D-D7C8-4086-A431-0F8F661FBD96}.Debug|ARM.ActiveCfg = Debug|iPhone
		{93AEF97D-D7C8-4086-A431-0F8F661FBD96}.Debug|iPhone.ActiveCfg = Debug|iPhone
		{93AEF97D-D7C8-4086-A431-0F8F661FBD96}.Debug|iPhone.Build.0 = Debug|iPhone
		{93AEF97D-D7C8-4086-A431-0F8F661FBD96}.Debug|iPhoneSimulator.ActiveCfg = Debug|iPhoneSimulator
		{93AEF97D-D7C8-4086-A431-0F8F661FBD96}.Debug|iPhoneSimulator.Build.0 = Debug|iPhoneSimulator
		{93AEF97D-D7C8-4086-A431-0F8F661FBD96}.Debug|x64.ActiveCfg = Debug|iPhone
		{93AEF97D-D7C8-4086-A431-0F8F661FBD96}.Debug|x86.ActiveCfg = Debug|iPhone
		{93AEF97D-D7C8-4086-A431-0F8F661FBD96}.Release|Any CPU.ActiveCfg = Release|iPhoneSimulator
		{93AEF97D-D7C8-4086-A431-0F8F661FBD96}.Release|ARM.ActiveCfg = Release|iPhone
		{93AEF97D-D7C8-4086-A431-0F8F661FBD96}.Release|iPhone.ActiveCfg = Release|iPhone
		{93AEF97D-D7C8-4086-A431-0F8F661FBD96}.Release|iPhone.Build.0 = Release|iPhone
		{93AEF97D-D7C8-4086-A431-0F8F661FBD96}.Release|iPhoneSimulator.ActiveCfg = Release|iPhoneSimulator
		{93AEF97D-D7C8-4086-A431-0F8F661FBD96}.Release|iPhoneSimulator.Build.0 = Release|iPhoneSimulator
		{93AEF97D-D7C8-4086-A431-0F8F661FBD96}.Release|x64.ActiveCfg = Release|iPhone
		{93AEF97D-D7C8-4086-A431-0F8F661FBD96}.Release|x86.ActiveCfg = Release|iPhone
	EndGlobalSection
	GlobalSection(SolutionProperties) = preSolution
		HideSolutionNode = FALSE
	EndGlobalSection
	GlobalSection(ExtensibilityGlobals) = postSolution
		SolutionGuid = {CB33A6C4-83CB-40A9-B17B-6C17C2D2ACC0}
	EndGlobalSection
EndGlobal
